
Microsoft Visual Studio Solution File, Format Version 11.00
# Visual Studio 2010
Project("{FAE04EC0-301F-11D3-BF4B-00C04F79EFBC}") = "Evaluations", "Evaluations\Evaluations.csproj", "{048E2CDA-849D-404C-A214-C46CC38911C3}"
EndProject
Global
	GlobalSection(SolutionConfigurationPlatforms) = preSolution
		Debug|Any CPU = Debug|Any CPU
		Release|Any CPU = Release|Any CPU
	EndGlobalSection
	GlobalSection(ProjectConfigurationPlatforms) = postSolution
		{048E2CDA-849D-404C-A214-C46CC38911C3}.Debug|Any CPU.ActiveCfg = Debug|Any CPU
		{048E2CDA-849D-404C-A214-C46CC38911C3}.Debug|Any CPU.Build.0 = Debug|Any CPU
		{048E2CDA-849D-404C-A214-C46CC38911C3}.Release|Any CPU.ActiveCfg = Release|Any CPU
		{048E2CDA-849D-404C-A214-C46CC38911C3}.Release|Any CPU.Build.0 = Release|Any CPU
	EndGlobalSection
	GlobalSection(SolutionProperties) = preSolution
		HideSolutionNode = FALSE
	EndGlobalSection
EndGlobal
